
Microsoft Visual Studio Solution File, Format Version 12.00
# Visual Studio Version 16
VisualStudioVersion = 16.0.30114.105
MinimumVisualStudioVersion = 10.0.40219.1
Project("{FAE04EC0-301F-11D3-BF4B-00C04F79EFBC}") = "Dc Tools", "Dc Tools\Dc Tools.csproj", "{3F3DB7A6-DF06-41E3-89E2-0F3E1B422EFB}"
EndProject
Global
	GlobalSection(SolutionConfigurationPlatforms) = preSolution
		Debug|Any CPU = Debug|Any CPU
		Release|Any CPU = Release|Any CPU
	EndGlobalSection
	GlobalSection(ProjectConfigurationPlatforms) = postSolution
		{3F3DB7A6-DF06-41E3-89E2-0F3E1B422EFB}.Debug|Any CPU.ActiveCfg = Debug|Any CPU
		{3F3DB7A6-DF06-41E3-89E2-0F3E1B422EFB}.Debug|Any CPU.Build.0 = Debug|Any CPU
		{3F3DB7A6-DF06-41E3-89E2-0F3E1B422EFB}.Release|Any CPU.ActiveCfg = Release|Any CPU
		{3F3DB7A6-DF06-41E3-89E2-0F3E1B422EFB}.Release|Any CPU.Build.0 = Release|Any CPU
	EndGlobalSection
	GlobalSection(SolutionProperties) = preSolution
		HideSolutionNode = FALSE
	EndGlobalSection
	GlobalSection(ExtensibilityGlobals) = postSolution
		SolutionGuid = {B913922B-441F-415B-A0A5-DDDF94E0CE6B}
	EndGlobalSection
EndGlobal
